
Microsoft Visual Studio Solution File, Format Version 12.00
# Visual Studio Version 17
VisualStudioVersion = 17.8.34330.188
MinimumVisualStudioVersion = 10.0.40219.1
Project("{FAE04EC0-301F-11D3-BF4B-00C04F79EFBC}") = "lab1", "lab1\lab1.csproj", "{E401E31B-5FC3-479E-AC64-C3C88107CEAB}"
EndProject
Global
	GlobalSection(SolutionConfigurationPlatforms) = preSolution
		Debug|Any CPU = Debug|Any CPU
		Release|Any CPU = Release|Any CPU
	EndGlobalSection
	GlobalSection(ProjectConfigurationPlatforms) = postSolution
		{E401E31B-5FC3-479E-AC64-C3C88107CEAB}.Debug|Any CPU.ActiveCfg = Debug|Any CPU
		{E401E31B-5FC3-479E-AC64-C3C88107CEAB}.Debug|Any CPU.Build.0 = Debug|Any CPU
		{E401E31B-5FC3-479E-AC64-C3C88107CEAB}.Release|Any CPU.ActiveCfg = Release|Any CPU
		{E401E31B-5FC3-479E-AC64-C3C88107CEAB}.Release|Any CPU.Build.0 = Release|Any CPU
	EndGlobalSection
	GlobalSection(SolutionProperties) = preSolution
		HideSolutionNode = FALSE
	EndGlobalSection
	GlobalSection(ExtensibilityGlobals) = postSolution
		SolutionGuid = {D43122DA-925C-496E-A5A5-93476BC9C666}
	EndGlobalSection
EndGlobal
