
Microsoft Visual Studio Solution File, Format Version 12.00
# Visual Studio Version 17
VisualStudioVersion = 17.8.34330.188
MinimumVisualStudioVersion = 10.0.40219.1
Project("{FAE04EC0-301F-11D3-BF4B-00C04F79EFBC}") = "lab2", "lab2\lab2.csproj", "{53B74FC2-F7B7-4F76-BF71-010FA091486F}"
EndProject
Global
	GlobalSection(SolutionConfigurationPlatforms) = preSolution
		Debug|Any CPU = Debug|Any CPU
		Release|Any CPU = Release|Any CPU
	EndGlobalSection
	GlobalSection(ProjectConfigurationPlatforms) = postSolution
		{53B74FC2-F7B7-4F76-BF71-010FA091486F}.Debug|Any CPU.ActiveCfg = Debug|Any CPU
		{53B74FC2-F7B7-4F76-BF71-010FA091486F}.Debug|Any CPU.Build.0 = Debug|Any CPU
		{53B74FC2-F7B7-4F76-BF71-010FA091486F}.Release|Any CPU.ActiveCfg = Release|Any CPU
		{53B74FC2-F7B7-4F76-BF71-010FA091486F}.Release|Any CPU.Build.0 = Release|Any CPU
	EndGlobalSection
	GlobalSection(SolutionProperties) = preSolution
		HideSolutionNode = FALSE
	EndGlobalSection
	GlobalSection(ExtensibilityGlobals) = postSolution
		SolutionGuid = {BEF5F87B-3073-44A1-8727-FC40CE108D3D}
	EndGlobalSection
EndGlobal
